
Microsoft Visual Studio Solution File, Format Version 12.00
# Visual Studio Version 16
VisualStudioVersion = 16.0.30225.117
MinimumVisualStudioVersion = 10.0.40219.1
Project("{FAE04EC0-301F-11D3-BF4B-00C04F79EFBC}") = "Vjezbe4", "Vjezbe4\Vjezbe4.csproj", "{C948EDDD-6964-4143-B784-A2F540250248}"
EndProject
Project("{FAE04EC0-301F-11D3-BF4B-00C04F79EFBC}") = "Vjezba5", "Vjezba5\Vjezba5.csproj", "{BAB9F222-C498-4D2C-8969-8A5033CD15D3}"
EndProject
Global
	GlobalSection(SolutionConfigurationPlatforms) = preSolution
		Debug|Any CPU = Debug|Any CPU
		Release|Any CPU = Release|Any CPU
	EndGlobalSection
	GlobalSection(ProjectConfigurationPlatforms) = postSolution
		{C948EDDD-6964-4143-B784-A2F540250248}.Debug|Any CPU.ActiveCfg = Debug|Any CPU
		{C948EDDD-6964-4143-B784-A2F540250248}.Debug|Any CPU.Build.0 = Debug|Any CPU
		{C948EDDD-6964-4143-B784-A2F540250248}.Release|Any CPU.ActiveCfg = Release|Any CPU
		{C948EDDD-6964-4143-B784-A2F540250248}.Release|Any CPU.Build.0 = Release|Any CPU
		{BAB9F222-C498-4D2C-8969-8A5033CD15D3}.Debug|Any CPU.ActiveCfg = Debug|Any CPU
		{BAB9F222-C498-4D2C-8969-8A5033CD15D3}.Debug|Any CPU.Build.0 = Debug|Any CPU
		{BAB9F222-C498-4D2C-8969-8A5033CD15D3}.Release|Any CPU.ActiveCfg = Release|Any CPU
		{BAB9F222-C498-4D2C-8969-8A5033CD15D3}.Release|Any CPU.Build.0 = Release|Any CPU
	EndGlobalSection
	GlobalSection(SolutionProperties) = preSolution
		HideSolutionNode = FALSE
	EndGlobalSection
	GlobalSection(ExtensibilityGlobals) = postSolution
		SolutionGuid = {744525FD-4071-4187-A666-D7053CE7C7C0}
	EndGlobalSection
EndGlobal
